
Microsoft Visual Studio Solution File, Format Version 12.00
# Visual Studio Version 16
VisualStudioVersion = 16.0.30717.126
MinimumVisualStudioVersion = 10.0.40219.1
Project("{FAE04EC0-301F-11D3-BF4B-00C04F79EFBC}") = "C_Sharp_CW_05.12.21", "C_Sharp_CW_05.12.21.csproj", "{3BB5B5F1-12BA-4BE7-9FAA-D8CDB0BCB98B}"
EndProject
Global
	GlobalSection(SolutionConfigurationPlatforms) = preSolution
		Debug|Any CPU = Debug|Any CPU
		Release|Any CPU = Release|Any CPU
	EndGlobalSection
	GlobalSection(ProjectConfigurationPlatforms) = postSolution
		{3BB5B5F1-12BA-4BE7-9FAA-D8CDB0BCB98B}.Debug|Any CPU.ActiveCfg = Debug|Any CPU
		{3BB5B5F1-12BA-4BE7-9FAA-D8CDB0BCB98B}.Debug|Any CPU.Build.0 = Debug|Any CPU
		{3BB5B5F1-12BA-4BE7-9FAA-D8CDB0BCB98B}.Release|Any CPU.ActiveCfg = Release|Any CPU
		{3BB5B5F1-12BA-4BE7-9FAA-D8CDB0BCB98B}.Release|Any CPU.Build.0 = Release|Any CPU
	EndGlobalSection
	GlobalSection(SolutionProperties) = preSolution
		HideSolutionNode = FALSE
	EndGlobalSection
	GlobalSection(ExtensibilityGlobals) = postSolution
		SolutionGuid = {0A65AE0A-9F10-43E9-B93F-6C4CA4F492E0}
	EndGlobalSection
EndGlobal
